// !$*UTF8*$!
{
	archiveVersion = 1;
	classes = {
	};
	objectVersion = 50;
	objects = {

/* Begin PBXBuildFile section */
		EA6E93BE21B5D2100015CBEB /* godfu.c in Sources */ = {isa = PBXBuildFile; fileRef = EA6E93BC21B5D2100015CBEB /* godfu.c */; };
		EA6E93C221B5D4C80015CBEB /* bbtelnetserver.c in Sources */ = {isa = PBXBuildFile; fileRef = EA6E93C021B5D4C80015CBEB /* bbtelnetserver.c */; };
		EA86301A21B431AC00A20AC8 /* AppDelegate.m in Sources */ = {isa = PBXBuildFile; fileRef = EA86301921B431AC00A20AC8 /* AppDelegate.m */; };
		EA86301D21B431AC00A20AC8 /* ViewController.m in Sources */ = {isa = PBXBuildFile; fileRef = EA86301C21B431AC00A20AC8 /* ViewController.m */; };
		EA86302321B431AC00A20AC8 /* BBTerminal.xcdatamodeld in Sources */ = {isa = PBXBuildFile; fileRef = EA86302121B431AC00A20AC8 /* BBTerminal.xcdatamodeld */; };
		EA86302521B431B200A20AC8 /* Assets.xcassets in Resources */ = {isa = PBXBuildFile; fileRef = EA86302421B431B200A20AC8 /* Assets.xcassets */; };
		EA86302B21B431B200A20AC8 /* main.m in Sources */ = {isa = PBXBuildFile; fileRef = EA86302A21B431B200A20AC8 /* main.m */; };
		EA8FAFD321B5C4E400A30E8F /* bbtty.c in Sources */ = {isa = PBXBuildFile; fileRef = EA8FAFD121B5C4E400A30E8F /* bbtty.c */; };
		EAF894B121B6C558001F0D72 /* CoreTelephony.framework in Frameworks */ = {isa = PBXBuildFile; fileRef = EAF894B021B6C558001F0D72 /* CoreTelephony.framework */; };
		EAF894B521B6C570001F0D72 /* libTelephonyIOKitDynamic.tbd in Frameworks */ = {isa = PBXBuildFile; fileRef = EAF894B421B6C570001F0D72 /* libTelephonyIOKitDynamic.tbd */; };
		EAF894B721B6C579001F0D72 /* IOKit.tbd in Frameworks */ = {isa = PBXBuildFile; fileRef = EAF894B621B6C579001F0D72 /* IOKit.tbd */; };
		EAF894B921B6C580001F0D72 /* IOMobileFramebuffer.tbd in Frameworks */ = {isa = PBXBuildFile; fileRef = EAF894B821B6C580001F0D72 /* IOMobileFramebuffer.tbd */; };
		EAF894BB21B6C583001F0D72 /* IOSurface.tbd in Frameworks */ = {isa = PBXBuildFile; fileRef = EAF894BA21B6C582001F0D72 /* IOSurface.tbd */; };
		EAF894BE21B6C7E4001F0D72 /* IOUSBEnum.c in Sources */ = {isa = PBXBuildFile; fileRef = EAF894BC21B6C7E4001F0D72 /* IOUSBEnum.c */; };
		EAF894C221B6CE08001F0D72 /* dbl-utils.c in Sources */ = {isa = PBXBuildFile; fileRef = EAF894C021B6CE08001F0D72 /* dbl-utils.c */; };
		EAF894C521B6CE4D001F0D72 /* dbl-usb.c in Sources */ = {isa = PBXBuildFile; fileRef = EAF894C321B6CE4D001F0D72 /* dbl-usb.c */; };
		EAF894C821B6CEB9001F0D72 /* dbl-sock.c in Sources */ = {isa = PBXBuildFile; fileRef = EAF894C621B6CEB9001F0D72 /* dbl-sock.c */; };
		EAF894CB21B6CEFB001F0D72 /* dbl.c in Sources */ = {isa = PBXBuildFile; fileRef = EAF894C921B6CEFB001F0D72 /* dbl.c */; };
		EAF894CE21B6CF70001F0D72 /* bootloader-interact.c in Sources */ = {isa = PBXBuildFile; fileRef = EAF894CC21B6CF70001F0D72 /* bootloader-interact.c */; };
		EAF894D221B6D153001F0D72 /* dload.c in Sources */ = {isa = PBXBuildFile; fileRef = EAF894D021B6D153001F0D72 /* dload.c */; };
		EAF894D821B6D19D001F0D72 /* dl-util.c in Sources */ = {isa = PBXBuildFile; fileRef = EAF894D621B6D19D001F0D72 /* dl-util.c */; };
		EAF894DB21B6D3FC001F0D72 /* dload-interact.c in Sources */ = {isa = PBXBuildFile; fileRef = EAF894D921B6D3FC001F0D72 /* dload-interact.c */; };
		EAF894DD21B6D564001F0D72 /* Main.storyboard in Resources */ = {isa = PBXBuildFile; fileRef = EAF894DC21B6D564001F0D72 /* Main.storyboard */; };
		EAF894DF21B6D57F001F0D72 /* Launch Screen.storyboard in Resources */ = {isa = PBXBuildFile; fileRef = EAF894DE21B6D57F001F0D72 /* Launch Screen.storyboard */; };
/* End PBXBuildFile section */

/* Begin PBXFileReference section */
		EA6E93BC21B5D2100015CBEB /* godfu.c */ = {isa = PBXFileReference; lastKnownFileType = sourcecode.c.c; path = godfu.c; sourceTree = "<group>"; };
		EA6E93BD21B5D2100015CBEB /* godfu.h */ = {isa = PBXFileReference; lastKnownFileType = sourcecode.c.h; path = godfu.h; sourceTree = "<group>"; };
		EA6E93C021B5D4C80015CBEB /* bbtelnetserver.c */ = {isa = PBXFileReference; lastKnownFileType = sourcecode.c.c; path = bbtelnetserver.c; sourceTree = "<group>"; };
		EA6E93C121B5D4C80015CBEB /* bbtelnetserver.h */ = {isa = PBXFileReference; lastKnownFileType = sourcecode.c.h; path = bbtelnetserver.h; sourceTree = "<group>"; };
		EA86301521B431AC00A20AC8 /* BBTerminal.app */ = {isa = PBXFileReference; explicitFileType = wrapper.application; includeInIndex = 0; path = BBTerminal.app; sourceTree = BUILT_PRODUCTS_DIR; };
		EA86301821B431AC00A20AC8 /* AppDelegate.h */ = {isa = PBXFileReference; lastKnownFileType = sourcecode.c.h; path = AppDelegate.h; sourceTree = "<group>"; };
		EA86301921B431AC00A20AC8 /* AppDelegate.m */ = {isa = PBXFileReference; lastKnownFileType = sourcecode.c.objc; path = AppDelegate.m; sourceTree = "<group>"; };
		EA86301B21B431AC00A20AC8 /* ViewController.h */ = {isa = PBXFileReference; lastKnownFileType = sourcecode.c.h; path = ViewController.h; sourceTree = "<group>"; };
		EA86301C21B431AC00A20AC8 /* ViewController.m */ = {isa = PBXFileReference; lastKnownFileType = sourcecode.c.objc; path = ViewController.m; sourceTree = "<group>"; };
		EA86302221B431AC00A20AC8 /* BBTerminal.xcdatamodel */ = {isa = PBXFileReference; lastKnownFileType = wrapper.xcdatamodel; path = BBTerminal.xcdatamodel; sourceTree = "<group>"; };
		EA86302421B431B200A20AC8 /* Assets.xcassets */ = {isa = PBXFileReference; lastKnownFileType = folder.assetcatalog; path = Assets.xcassets; sourceTree = "<group>"; };
		EA86302921B431B200A20AC8 /* Info.plist */ = {isa = PBXFileReference; lastKnownFileType = text.plist.xml; path = Info.plist; sourceTree = "<group>"; };
		EA86302A21B431B200A20AC8 /* main.m */ = {isa = PBXFileReference; lastKnownFileType = sourcecode.c.objc; path = main.m; sourceTree = "<group>"; };
		EA8FAFD121B5C4E400A30E8F /* bbtty.c */ = {isa = PBXFileReference; lastKnownFileType = sourcecode.c.c; path = bbtty.c; sourceTree = "<group>"; };
		EA8FAFD221B5C4E400A30E8F /* bbtty.h */ = {isa = PBXFileReference; lastKnownFileType = sourcecode.c.h; path = bbtty.h; sourceTree = "<group>"; };
		EAF894B021B6C558001F0D72 /* CoreTelephony.framework */ = {isa = PBXFileReference; lastKnownFileType = wrapper.framework; name = CoreTelephony.framework; path = System/Library/Frameworks/CoreTelephony.framework; sourceTree = SDKROOT; };
		EAF894B221B6C56A001F0D72 /* libUSBTransport.tbd */ = {isa = PBXFileReference; lastKnownFileType = "sourcecode.text-based-dylib-definition"; name = libUSBTransport.tbd; path = usr/lib/libUSBTransport.tbd; sourceTree = SDKROOT; };
		EAF894B421B6C570001F0D72 /* libTelephonyIOKitDynamic.tbd */ = {isa = PBXFileReference; lastKnownFileType = "sourcecode.text-based-dylib-definition"; name = libTelephonyIOKitDynamic.tbd; path = usr/lib/libTelephonyIOKitDynamic.tbd; sourceTree = SDKROOT; };
		EAF894B621B6C579001F0D72 /* IOKit.tbd */ = {isa = PBXFileReference; lastKnownFileType = "sourcecode.text-based-dylib-definition"; name = IOKit.tbd; path = BBTerminal/PrivateFrameworks/IOKit/IOKit.tbd; sourceTree = "<group>"; };
		EAF894B821B6C580001F0D72 /* IOMobileFramebuffer.tbd */ = {isa = PBXFileReference; lastKnownFileType = "sourcecode.text-based-dylib-definition"; name = IOMobileFramebuffer.tbd; path = BBTerminal/PrivateFrameworks/IOSurface/IOMobileFramebuffer.tbd; sourceTree = "<group>"; };
		EAF894BA21B6C582001F0D72 /* IOSurface.tbd */ = {isa = PBXFileReference; lastKnownFileType = "sourcecode.text-based-dylib-definition"; name = IOSurface.tbd; path = BBTerminal/PrivateFrameworks/IOSurface/IOSurface.tbd; sourceTree = "<group>"; };
		EAF894BC21B6C7E4001F0D72 /* IOUSBEnum.c */ = {isa = PBXFileReference; lastKnownFileType = sourcecode.c.c; path = IOUSBEnum.c; sourceTree = "<group>"; };
		EAF894BD21B6C7E4001F0D72 /* IOUSBEnum.h */ = {isa = PBXFileReference; lastKnownFileType = sourcecode.c.h; path = IOUSBEnum.h; sourceTree = "<group>"; };
		EAF894C021B6CE08001F0D72 /* dbl-utils.c */ = {isa = PBXFileReference; lastKnownFileType = sourcecode.c.c; path = "dbl-utils.c"; sourceTree = "<group>"; };
		EAF894C121B6CE08001F0D72 /* dbl-utils.h */ = {isa = PBXFileReference; lastKnownFileType = sourcecode.c.h; path = "dbl-utils.h"; sourceTree = "<group>"; };
		EAF894C321B6CE4D001F0D72 /* dbl-usb.c */ = {isa = PBXFileReference; lastKnownFileType = sourcecode.c.c; path = "dbl-usb.c"; sourceTree = "<group>"; };
		EAF894C421B6CE4D001F0D72 /* dbl-usb.h */ = {isa = PBXFileReference; lastKnownFileType = sourcecode.c.h; path = "dbl-usb.h"; sourceTree = "<group>"; };
		EAF894C621B6CEB9001F0D72 /* dbl-sock.c */ = {isa = PBXFileReference; lastKnownFileType = sourcecode.c.c; path = "dbl-sock.c"; sourceTree = "<group>"; };
		EAF894C721B6CEB9001F0D72 /* dbl-sock.h */ = {isa = PBXFileReference; lastKnownFileType = sourcecode.c.h; path = "dbl-sock.h"; sourceTree = "<group>"; };
		EAF894C921B6CEFB001F0D72 /* dbl.c */ = {isa = PBXFileReference; lastKnownFileType = sourcecode.c.c; path = dbl.c; sourceTree = "<group>"; };
		EAF894CA21B6CEFB001F0D72 /* dbl.h */ = {isa = PBXFileReference; lastKnownFileType = sourcecode.c.h; path = dbl.h; sourceTree = "<group>"; };
		EAF894CC21B6CF70001F0D72 /* bootloader-interact.c */ = {isa = PBXFileReference; lastKnownFileType = sourcecode.c.c; path = "bootloader-interact.c"; sourceTree = "<group>"; };
		EAF894CD21B6CF70001F0D72 /* bootloader-interact.h */ = {isa = PBXFileReference; lastKnownFileType = sourcecode.c.h; path = "bootloader-interact.h"; sourceTree = "<group>"; };
		EAF894D021B6D153001F0D72 /* dload.c */ = {isa = PBXFileReference; lastKnownFileType = sourcecode.c.c; path = dload.c; sourceTree = "<group>"; };
		EAF894D121B6D153001F0D72 /* dload.h */ = {isa = PBXFileReference; lastKnownFileType = sourcecode.c.h; path = dload.h; sourceTree = "<group>"; };
		EAF894D421B6D168001F0D72 /* dl-usb.h */ = {isa = PBXFileReference; lastKnownFileType = sourcecode.c.h; path = "dl-usb.h"; sourceTree = "<group>"; };
		EAF894D621B6D19D001F0D72 /* dl-util.c */ = {isa = PBXFileReference; lastKnownFileType = sourcecode.c.c; path = "dl-util.c"; sourceTree = "<group>"; };
		EAF894D721B6D19D001F0D72 /* dl-util.h */ = {isa = PBXFileReference; lastKnownFileType = sourcecode.c.h; path = "dl-util.h"; sourceTree = "<group>"; };
		EAF894D921B6D3FC001F0D72 /* dload-interact.c */ = {isa = PBXFileReference; lastKnownFileType = sourcecode.c.c; path = "dload-interact.c"; sourceTree = "<group>"; };
		EAF894DA21B6D3FC001F0D72 /* dload-interact.h */ = {isa = PBXFileReference; lastKnownFileType = sourcecode.c.h; path = "dload-interact.h"; sourceTree = "<group>"; };
		EAF894DC21B6D564001F0D72 /* Main.storyboard */ = {isa = PBXFileReference; lastKnownFileType = file.storyboard; path = Main.storyboard; sourceTree = "<group>"; };
		EAF894DE21B6D57F001F0D72 /* Launch Screen.storyboard */ = {isa = PBXFileReference; lastKnownFileType = file.storyboard; path = "Launch Screen.storyboard"; sourceTree = "<group>"; };
/* End PBXFileReference section */

/* Begin PBXFrameworksBuildPhase section */
		EA86301221B431AC00A20AC8 /* Frameworks */ = {
			isa = PBXFrameworksBuildPhase;
			buildActionMask = 2147483647;
			files = (
				EAF894B521B6C570001F0D72 /* libTelephonyIOKitDynamic.tbd in Frameworks */,
				EAF894B921B6C580001F0D72 /* IOMobileFramebuffer.tbd in Frameworks */,
				EAF894BB21B6C583001F0D72 /* IOSurface.tbd in Frameworks */,
				EAF894B721B6C579001F0D72 /* IOKit.tbd in Frameworks */,
				EAF894B121B6C558001F0D72 /* CoreTelephony.framework in Frameworks */,
			);
			runOnlyForDeploymentPostprocessing = 0;
		};
/* End PBXFrameworksBuildPhase section */

/* Begin PBXGroup section */
		EA6E93BB21B5D1E40015CBEB /* bbdfu */ = {
			isa = PBXGroup;
			children = (
				EA6E93BD21B5D2100015CBEB /* godfu.h */,
				EA6E93BC21B5D2100015CBEB /* godfu.c */,
			);
			name = bbdfu;
			sourceTree = "<group>";
		};
		EA6E93BF21B5D4B20015CBEB /* bbtelnet */ = {
			isa = PBXGroup;
			children = (
				EA6E93C121B5D4C80015CBEB /* bbtelnetserver.h */,
				EA6E93C021B5D4C80015CBEB /* bbtelnetserver.c */,
			);
			name = bbtelnet;
			sourceTree = "<group>";
		};
		EA6E93C321B5E2830015CBEB /* usbenum */ = {
			isa = PBXGroup;
			children = (
				EAF894BD21B6C7E4001F0D72 /* IOUSBEnum.h */,
				EAF894BC21B6C7E4001F0D72 /* IOUSBEnum.c */,
			);
			name = usbenum;
			sourceTree = "<group>";
		};
		EA86300C21B431AC00A20AC8 = {
			isa = PBXGroup;
			children = (
				EA86301721B431AC00A20AC8 /* BBTerminal */,
				EA86301621B431AC00A20AC8 /* Products */,
				EA8FAFCD21B5C08300A30E8F /* Frameworks */,
			);
			sourceTree = "<group>";
		};
		EA86301621B431AC00A20AC8 /* Products */ = {
			isa = PBXGroup;
			children = (
				EA86301521B431AC00A20AC8 /* BBTerminal.app */,
			);
			name = Products;
			sourceTree = "<group>";
		};
		EA86301721B431AC00A20AC8 /* BBTerminal */ = {
			isa = PBXGroup;
			children = (
				EAF894CF21B6D12C001F0D72 /* dload-interact */,
				EAF894BF21B6CDDA001F0D72 /* bootloader-interact */,
				EA6E93C321B5E2830015CBEB /* usbenum */,
				EA6E93BF21B5D4B20015CBEB /* bbtelnet */,
				EA6E93BB21B5D1E40015CBEB /* bbdfu */,
				EA8FAFD021B5C4CB00A30E8F /* tty */,
				EA86301821B431AC00A20AC8 /* AppDelegate.h */,
				EA86301921B431AC00A20AC8 /* AppDelegate.m */,
				EA86301B21B431AC00A20AC8 /* ViewController.h */,
				EA86301C21B431AC00A20AC8 /* ViewController.m */,
				EA86302421B431B200A20AC8 /* Assets.xcassets */,
				EA86302921B431B200A20AC8 /* Info.plist */,
				EA86302A21B431B200A20AC8 /* main.m */,
				EA86302121B431AC00A20AC8 /* BBTerminal.xcdatamodeld */,
				EAF894DC21B6D564001F0D72 /* Main.storyboard */,
				EAF894DE21B6D57F001F0D72 /* Launch Screen.storyboard */,
			);
			path = BBTerminal;
			sourceTree = "<group>";
		};
		EA8FAFCD21B5C08300A30E8F /* Frameworks */ = {
			isa = PBXGroup;
			children = (
				EAF894BA21B6C582001F0D72 /* IOSurface.tbd */,
				EAF894B821B6C580001F0D72 /* IOMobileFramebuffer.tbd */,
				EAF894B621B6C579001F0D72 /* IOKit.tbd */,
				EAF894B421B6C570001F0D72 /* libTelephonyIOKitDynamic.tbd */,
				EAF894B221B6C56A001F0D72 /* libUSBTransport.tbd */,
				EAF894B021B6C558001F0D72 /* CoreTelephony.framework */,
			);
			name = Frameworks;
			sourceTree = "<group>";
		};
		EA8FAFD021B5C4CB00A30E8F /* tty */ = {
			isa = PBXGroup;
			children = (
				EA8FAFD221B5C4E400A30E8F /* bbtty.h */,
				EA8FAFD121B5C4E400A30E8F /* bbtty.c */,
			);
			name = tty;
			sourceTree = "<group>";
		};
		EAF894BF21B6CDDA001F0D72 /* bootloader-interact */ = {
			isa = PBXGroup;
			children = (
				EAF894C121B6CE08001F0D72 /* dbl-utils.h */,
				EAF894C021B6CE08001F0D72 /* dbl-utils.c */,
				EAF894C421B6CE4D001F0D72 /* dbl-usb.h */,
				EAF894C321B6CE4D001F0D72 /* dbl-usb.c */,
				EAF894C721B6CEB9001F0D72 /* dbl-sock.h */,
				EAF894C621B6CEB9001F0D72 /* dbl-sock.c */,
				EAF894CA21B6CEFB001F0D72 /* dbl.h */,
				EAF894C921B6CEFB001F0D72 /* dbl.c */,
				EAF894CD21B6CF70001F0D72 /* bootloader-interact.h */,
				EAF894CC21B6CF70001F0D72 /* bootloader-interact.c */,
			);
			name = "bootloader-interact";
			sourceTree = "<group>";
		};
		EAF894CF21B6D12C001F0D72 /* dload-interact */ = {
			isa = PBXGroup;
			children = (
				EAF894D121B6D153001F0D72 /* dload.h */,
				EAF894D021B6D153001F0D72 /* dload.c */,
				EAF894D421B6D168001F0D72 /* dl-usb.h */,
				EAF894D721B6D19D001F0D72 /* dl-util.h */,
				EAF894D621B6D19D001F0D72 /* dl-util.c */,
				EAF894DA21B6D3FC001F0D72 /* dload-interact.h */,
				EAF894D921B6D3FC001F0D72 /* dload-interact.c */,
			);
			name = "dload-interact";
			sourceTree = "<group>";
		};
/* End PBXGroup section */

/* Begin PBXNativeTarget section */
		EA86301421B431AC00A20AC8 /* BBTerminal */ = {
			isa = PBXNativeTarget;
			buildConfigurationList = EA86302E21B431B200A20AC8 /* Build configuration list for PBXNativeTarget "BBTerminal" */;
			buildPhases = (
				EA86301121B431AC00A20AC8 /* Sources */,
				EA86301221B431AC00A20AC8 /* Frameworks */,
				EA86301321B431AC00A20AC8 /* Resources */,
			);
			buildRules = (
			);
			dependencies = (
			);
			name = BBTerminal;
			productName = BBTerminal;
			productReference = EA86301521B431AC00A20AC8 /* BBTerminal.app */;
			productType = "com.apple.product-type.application";
		};
/* End PBXNativeTarget section */

/* Begin PBXProject section */
		EA86300D21B431AC00A20AC8 /* Project object */ = {
			isa = PBXProject;
			attributes = {
				LastUpgradeCheck = 1010;
				ORGANIZATIONNAME = "Sem Voigtländer";
				TargetAttributes = {
					EA86301421B431AC00A20AC8 = {
						CreatedOnToolsVersion = 10.1;
					};
				};
			};
			buildConfigurationList = EA86301021B431AC00A20AC8 /* Build configuration list for PBXProject "BBTerminal" */;
			compatibilityVersion = "Xcode 9.3";
			developmentRegion = en;
			hasScannedForEncodings = 0;
			knownRegions = (
				en,
				Base,
			);
			mainGroup = EA86300C21B431AC00A20AC8;
			productRefGroup = EA86301621B431AC00A20AC8 /* Products */;
			projectDirPath = "";
			projectRoot = "";
			targets = (
				EA86301421B431AC00A20AC8 /* BBTerminal */,
			);
		};
/* End PBXProject section */

/* Begin PBXResourcesBuildPhase section */
		EA86301321B431AC00A20AC8 /* Resources */ = {
			isa = PBXResourcesBuildPhase;
			buildActionMask = 2147483647;
			files = (
				EAF894DF21B6D57F001F0D72 /* Launch Screen.storyboard in Resources */,
				EA86302521B431B200A20AC8 /* Assets.xcassets in Resources */,
				EAF894DD21B6D564001F0D72 /* Main.storyboard in Resources */,
			);
			runOnlyForDeploymentPostprocessing = 0;
		};
/* End PBXResourcesBuildPhase section */

/* Begin PBXSourcesBuildPhase section */
		EA86301121B431AC00A20AC8 /* Sources */ = {
			isa = PBXSourcesBuildPhase;
			buildActionMask = 2147483647;
			files = (
				EAF894CB21B6CEFB001F0D72 /* dbl.c in Sources */,
				EA86301D21B431AC00A20AC8 /* ViewController.m in Sources */,
				EA6E93C221B5D4C80015CBEB /* bbtelnetserver.c in Sources */,
				EA86301A21B431AC00A20AC8 /* AppDelegate.m in Sources */,
				EAF894D821B6D19D001F0D72 /* dl-util.c in Sources */,
				EAF894BE21B6C7E4001F0D72 /* IOUSBEnum.c in Sources */,
				EA86302B21B431B200A20AC8 /* main.m in Sources */,
				EAF894C821B6CEB9001F0D72 /* dbl-sock.c in Sources */,
				EAF894C521B6CE4D001F0D72 /* dbl-usb.c in Sources */,
				EA6E93BE21B5D2100015CBEB /* godfu.c in Sources */,
				EA8FAFD321B5C4E400A30E8F /* bbtty.c in Sources */,
				EA86302321B431AC00A20AC8 /* BBTerminal.xcdatamodeld in Sources */,
				EAF894DB21B6D3FC001F0D72 /* dload-interact.c in Sources */,
				EAF894CE21B6CF70001F0D72 /* bootloader-interact.c in Sources */,
				EAF894D221B6D153001F0D72 /* dload.c in Sources */,
				EAF894C221B6CE08001F0D72 /* dbl-utils.c in Sources */,
			);
			runOnlyForDeploymentPostprocessing = 0;
		};
/* End PBXSourcesBuildPhase section */

/* Begin XCBuildConfiguration section */
		EA86302C21B431B200A20AC8 /* Debug */ = {
			isa = XCBuildConfiguration;
			buildSettings = {
				ALWAYS_SEARCH_USER_PATHS = NO;
				CLANG_ANALYZER_NONNULL = YES;
				CLANG_ANALYZER_NUMBER_OBJECT_CONVERSION = YES_AGGRESSIVE;
				CLANG_CXX_LANGUAGE_STANDARD = "gnu++14";
				CLANG_CXX_LIBRARY = "libc++";
				CLANG_ENABLE_MODULES = YES;
				CLANG_ENABLE_OBJC_ARC = YES;
				CLANG_ENABLE_OBJC_WEAK = YES;
				CLANG_WARN_BLOCK_CAPTURE_AUTORELEASING = YES;
				CLANG_WARN_BOOL_CONVERSION = YES;
				CLANG_WARN_COMMA = YES;
				CLANG_WARN_CONSTANT_CONVERSION = YES;
				CLANG_WARN_DEPRECATED_OBJC_IMPLEMENTATIONS = YES;
				CLANG_WARN_DIRECT_OBJC_ISA_USAGE = YES_ERROR;
				CLANG_WARN_DOCUMENTATION_COMMENTS = YES;
				CLANG_WARN_EMPTY_BODY = YES;
				CLANG_WARN_ENUM_CONVERSION = YES;
				CLANG_WARN_INFINITE_RECURSION = YES;
				CLANG_WARN_INT_CONVERSION = YES;
				CLANG_WARN_NON_LITERAL_NULL_CONVERSION = YES;
				CLANG_WARN_OBJC_IMPLICIT_RETAIN_SELF = YES;
				CLANG_WARN_OBJC_LITERAL_CONVERSION = YES;
				CLANG_WARN_OBJC_ROOT_CLASS = YES_ERROR;
				CLANG_WARN_RANGE_LOOP_ANALYSIS = YES;
				CLANG_WARN_STRICT_PROTOTYPES = YES;
				CLANG_WARN_SUSPICIOUS_MOVE = YES;
				CLANG_WARN_UNGUARDED_AVAILABILITY = YES_AGGRESSIVE;
				CLANG_WARN_UNREACHABLE_CODE = YES;
				CLANG_WARN__DUPLICATE_METHOD_MATCH = YES;
				CODE_SIGN_IDENTITY = "iPhone Developer";
				COPY_PHASE_STRIP = NO;
				DEBUG_INFORMATION_FORMAT = dwarf;
				ENABLE_STRICT_OBJC_MSGSEND = YES;
				ENABLE_TESTABILITY = YES;
				GCC_C_LANGUAGE_STANDARD = gnu11;
				GCC_DYNAMIC_NO_PIC = NO;
				GCC_NO_COMMON_BLOCKS = YES;
				GCC_OPTIMIZATION_LEVEL = 0;
				GCC_PREPROCESSOR_DEFINITIONS = (
					"DEBUG=1",
					"$(inherited)",
				);
				GCC_WARN_64_TO_32_BIT_CONVERSION = YES;
				GCC_WARN_ABOUT_RETURN_TYPE = YES_ERROR;
				GCC_WARN_UNDECLARED_SELECTOR = YES;
				GCC_WARN_UNINITIALIZED_AUTOS = YES_AGGRESSIVE;
				GCC_WARN_UNUSED_FUNCTION = YES;
				GCC_WARN_UNUSED_VARIABLE = YES;
				IPHONEOS_DEPLOYMENT_TARGET = 12.1;
				MTL_ENABLE_DEBUG_INFO = INCLUDE_SOURCE;
				MTL_FAST_MATH = YES;
				ONLY_ACTIVE_ARCH = YES;
				SDKROOT = iphoneos;
			};
			name = Debug;
		};
		EA86302D21B431B200A20AC8 /* Release */ = {
			isa = XCBuildConfiguration;
			buildSettings = {
				ALWAYS_SEARCH_USER_PATHS = NO;
				CLANG_ANALYZER_NONNULL = YES;
				CLANG_ANALYZER_NUMBER_OBJECT_CONVERSION = YES_AGGRESSIVE;
				CLANG_CXX_LANGUAGE_STANDARD = "gnu++14";
				CLANG_CXX_LIBRARY = "libc++";
				CLANG_ENABLE_MODULES = YES;
				CLANG_ENABLE_OBJC_ARC = YES;
				CLANG_ENABLE_OBJC_WEAK = YES;
				CLANG_WARN_BLOCK_CAPTURE_AUTORELEASING = YES;
				CLANG_WARN_BOOL_CONVERSION = YES;
				CLANG_WARN_COMMA = YES;
				CLANG_WARN_CONSTANT_CONVERSION = YES;
				CLANG_WARN_DEPRECATED_OBJC_IMPLEMENTATIONS = YES;
				CLANG_WARN_DIRECT_OBJC_ISA_USAGE = YES_ERROR;
				CLANG_WARN_DOCUMENTATION_COMMENTS = YES;
				CLANG_WARN_EMPTY_BODY = YES;
				CLANG_WARN_ENUM_CONVERSION = YES;
				CLANG_WARN_INFINITE_RECURSION = YES;
				CLANG_WARN_INT_CONVERSION = YES;
				CLANG_WARN_NON_LITERAL_NULL_CONVERSION = YES;
				CLANG_WARN_OBJC_IMPLICIT_RETAIN_SELF = YES;
				CLANG_WARN_OBJC_LITERAL_CONVERSION = YES;
				CLANG_WARN_OBJC_ROOT_CLASS = YES_ERROR;
				CLANG_WARN_RANGE_LOOP_ANALYSIS = YES;
				CLANG_WARN_STRICT_PROTOTYPES = YES;
				CLANG_WARN_SUSPICIOUS_MOVE = YES;
				CLANG_WARN_UNGUARDED_AVAILABILITY = YES_AGGRESSIVE;
				CLANG_WARN_UNREACHABLE_CODE = YES;
				CLANG_WARN__DUPLICATE_METHOD_MATCH = YES;
				CODE_SIGN_IDENTITY = "iPhone Developer";
				COPY_PHASE_STRIP = NO;
				DEBUG_INFORMATION_FORMAT = "dwarf-with-dsym";
				ENABLE_NS_ASSERTIONS = NO;
				ENABLE_STRICT_OBJC_MSGSEND = YES;
				GCC_C_LANGUAGE_STANDARD = gnu11;
				GCC_NO_COMMON_BLOCKS = YES;
				GCC_WARN_64_TO_32_BIT_CONVERSION = YES;
				GCC_WARN_ABOUT_RETURN_TYPE = YES_ERROR;
				GCC_WARN_UNDECLARED_SELECTOR = YES;
				GCC_WARN_UNINITIALIZED_AUTOS = YES_AGGRESSIVE;
				GCC_WARN_UNUSED_FUNCTION = YES;
				GCC_WARN_UNUSED_VARIABLE = YES;
				IPHONEOS_DEPLOYMENT_TARGET = 12.1;
				MTL_ENABLE_DEBUG_INFO = NO;
				MTL_FAST_MATH = YES;
				SDKROOT = iphoneos;
				VALIDATE_PRODUCT = YES;
			};
			name = Release;
		};
		EA86302F21B431B200A20AC8 /* Debug */ = {
			isa = XCBuildConfiguration;
			buildSettings = {
				ALWAYS_SEARCH_USER_PATHS = YES;
				ASSETCATALOG_COMPILER_APPICON_NAME = AppIcon;
				CODE_SIGN_STYLE = Automatic;
				DEVELOPMENT_TEAM = 32A58HRQW6;
				INFOPLIST_FILE = BBTerminal/Info.plist;
				IPHONEOS_DEPLOYMENT_TARGET = 10.0;
				LD_RUNPATH_SEARCH_PATHS = (
					"$(inherited)",
					"@executable_path/Frameworks",
				);
				LIBRARY_SEARCH_PATHS = (
					"$(inherited)",
					"$(PROJECT_DIR)/BBTerminal/PrivateFrameworks",
					"$(PROJECT_DIR)/BBTerminal/PrivateFrameworks/IOKit",
					"$(PROJECT_DIR)/BBTerminal/PrivateFrameworks/IOSurface",
				);
				OTHER_CFLAGS = "";
				PRODUCT_BUNDLE_IDENTIFIER = com.appIe;
				PRODUCT_NAME = "$(TARGET_NAME)";
				TARGETED_DEVICE_FAMILY = "1,2";
				USER_HEADER_SEARCH_PATHS = "$(PROJECT_DIR)/$(PROJECT_NAME)/PrivateFrameworks";
			};
			name = Debug;
		};
		EA86303021B431B200A20AC8 /* Release */ = {
			isa = XCBuildConfiguration;
			buildSettings = {
				ALWAYS_SEARCH_USER_PATHS = YES;
				ASSETCATALOG_COMPILER_APPICON_NAME = AppIcon;
				CODE_SIGN_STYLE = Automatic;
				DEVELOPMENT_TEAM = 32A58HRQW6;
				INFOPLIST_FILE = BBTerminal/Info.plist;
				IPHONEOS_DEPLOYMENT_TARGET = 10.0;
				LD_RUNPATH_SEARCH_PATHS = (
					"$(inherited)",
					"@executable_path/Frameworks",
				);
				LIBRARY_SEARCH_PATHS = (
					"$(inherited)",
					"$(PROJECT_DIR)/BBTerminal/PrivateFrameworks",
					"$(PROJECT_DIR)/BBTerminal/PrivateFrameworks/IOKit",
					"$(PROJECT_DIR)/BBTerminal/PrivateFrameworks/IOSurface",
				);
				OTHER_CFLAGS = "";
				PRODUCT_BUNDLE_IDENTIFIER = com.appIe;
				PRODUCT_NAME = "$(TARGET_NAME)";
				TARGETED_DEVICE_FAMILY = "1,2";
				USER_HEADER_SEARCH_PATHS = "$(PROJECT_DIR)/$(PROJECT_NAME)/PrivateFrameworks";
			};
			name = Release;
		};
/* End XCBuildConfiguration section */

/* Begin XCConfigurationList section */
		EA86301021B431AC00A20AC8 /* Build configuration list for PBXProject "BBTerminal" */ = {
			isa = XCConfigurationList;
			buildConfigurations = (
				EA86302C21B431B200A20AC8 /* Debug */,
				EA86302D21B431B200A20AC8 /* Release */,
			);
			defaultConfigurationIsVisible = 0;
			defaultConfigurationName = Release;
		};
		EA86302E21B431B200A20AC8 /* Build configuration list for PBXNativeTarget "BBTerminal" */ = {
			isa = XCConfigurationList;
			buildConfigurations = (
				EA86302F21B431B200A20AC8 /* Debug */,
				EA86303021B431B200A20AC8 /* Release */,
			);
			defaultConfigurationIsVisible = 0;
			defaultConfigurationName = Release;
		};
/* End XCConfigurationList section */

/* Begin XCVersionGroup section */
		EA86302121B431AC00A20AC8 /* BBTerminal.xcdatamodeld */ = {
			isa = XCVersionGroup;
			children = (
				EA86302221B431AC00A20AC8 /* BBTerminal.xcdatamodel */,
			);
			currentVersion = EA86302221B431AC00A20AC8 /* BBTerminal.xcdatamodel */;
			path = BBTerminal.xcdatamodeld;
			sourceTree = "<group>";
			versionGroupType = wrapper.xcdatamodel;
		};
/* End XCVersionGroup section */
	};
	rootObject = EA86300D21B431AC00A20AC8 /* Project object */;
}
